
Microsoft Visual Studio Solution File, Format Version 12.00
# Visual Studio Version 17
VisualStudioVersion = 17.7.34031.279
MinimumVisualStudioVersion = 10.0.40219.1
Project("{2150E333-8FDC-42A3-9474-1A3956D46DE8}") = "src", "src", "{FB38A12A-BFE8-4832-B266-48EC37E7269C}"
EndProject
Project("{FAE04EC0-301F-11D3-BF4B-00C04F79EFBC}") = "Logic", "src\Logic\Logic.csproj", "{6E723CFD-BE11-4B9A-BED0-E2E810B49D02}"
EndProject
Project("{FAE04EC0-301F-11D3-BF4B-00C04F79EFBC}") = "UI", "src\UI\UI.csproj", "{086AE43A-6A1B-4191-A9F6-E1623DAD0722}"
EndProject
Global
	GlobalSection(SolutionConfigurationPlatforms) = preSolution
		Debug|Any CPU = Debug|Any CPU
		Release|Any CPU = Release|Any CPU
	EndGlobalSection
	GlobalSection(ProjectConfigurationPlatforms) = postSolution
		{6E723CFD-BE11-4B9A-BED0-E2E810B49D02}.Debug|Any CPU.ActiveCfg = Debug|Any CPU
		{6E723CFD-BE11-4B9A-BED0-E2E810B49D02}.Debug|Any CPU.Build.0 = Debug|Any CPU
		{6E723CFD-BE11-4B9A-BED0-E2E810B49D02}.Release|Any CPU.ActiveCfg = Release|Any CPU
		{6E723CFD-BE11-4B9A-BED0-E2E810B49D02}.Release|Any CPU.Build.0 = Release|Any CPU
		{086AE43A-6A1B-4191-A9F6-E1623DAD0722}.Debug|Any CPU.ActiveCfg = Debug|Any CPU
		{086AE43A-6A1B-4191-A9F6-E1623DAD0722}.Debug|Any CPU.Build.0 = Debug|Any CPU
		{086AE43A-6A1B-4191-A9F6-E1623DAD0722}.Release|Any CPU.ActiveCfg = Release|Any CPU
		{086AE43A-6A1B-4191-A9F6-E1623DAD0722}.Release|Any CPU.Build.0 = Release|Any CPU
	EndGlobalSection
	GlobalSection(SolutionProperties) = preSolution
		HideSolutionNode = FALSE
	EndGlobalSection
	GlobalSection(NestedProjects) = preSolution
		{6E723CFD-BE11-4B9A-BED0-E2E810B49D02} = {FB38A12A-BFE8-4832-B266-48EC37E7269C}
		{086AE43A-6A1B-4191-A9F6-E1623DAD0722} = {FB38A12A-BFE8-4832-B266-48EC37E7269C}
	EndGlobalSection
	GlobalSection(ExtensibilityGlobals) = postSolution
		SolutionGuid = {EF72AB1E-5728-49D1-8501-09E4DA5F03FE}
	EndGlobalSection
EndGlobal
